
Microsoft Visual Studio Solution File, Format Version 12.00
# Visual Studio Version 17
VisualStudioVersion = 17.0.31903.59
MinimumVisualStudioVersion = 10.0.40219.1
Project("{FAE04EC0-301F-11D3-BF4B-00C04F79EFBC}") = "GrpcGreeter", "GrpcGreeter\GrpcGreeter.csproj", "{F3BF42E2-D408-4B2F-A22C-8D096E99DDBE}"
EndProject
Project("{FAE04EC0-301F-11D3-BF4B-00C04F79EFBC}") = "GrpcGreeterClient", "GrpcGreeterClient\GrpcGreeterClient.csproj", "{6D73B8D4-B48E-43AA-A306-76B42A2D1902}"
EndProject
Global
	GlobalSection(SolutionConfigurationPlatforms) = preSolution
		Debug|Any CPU = Debug|Any CPU
		Release|Any CPU = Release|Any CPU
	EndGlobalSection
	GlobalSection(SolutionProperties) = preSolution
		HideSolutionNode = FALSE
	EndGlobalSection
	GlobalSection(ProjectConfigurationPlatforms) = postSolution
		{F3BF42E2-D408-4B2F-A22C-8D096E99DDBE}.Debug|Any CPU.ActiveCfg = Debug|Any CPU
		{F3BF42E2-D408-4B2F-A22C-8D096E99DDBE}.Debug|Any CPU.Build.0 = Debug|Any CPU
		{F3BF42E2-D408-4B2F-A22C-8D096E99DDBE}.Release|Any CPU.ActiveCfg = Release|Any CPU
		{F3BF42E2-D408-4B2F-A22C-8D096E99DDBE}.Release|Any CPU.Build.0 = Release|Any CPU
		{6D73B8D4-B48E-43AA-A306-76B42A2D1902}.Debug|Any CPU.ActiveCfg = Debug|Any CPU
		{6D73B8D4-B48E-43AA-A306-76B42A2D1902}.Debug|Any CPU.Build.0 = Debug|Any CPU
		{6D73B8D4-B48E-43AA-A306-76B42A2D1902}.Release|Any CPU.ActiveCfg = Release|Any CPU
		{6D73B8D4-B48E-43AA-A306-76B42A2D1902}.Release|Any CPU.Build.0 = Release|Any CPU
	EndGlobalSection
EndGlobal
