
Microsoft Visual Studio Solution File, Format Version 12.00
# Visual Studio Version 17
VisualStudioVersion = 17.0.31903.59
MinimumVisualStudioVersion = 10.0.40219.1
Project("{FAE04EC0-301F-11D3-BF4B-00C04F79EFBC}") = "Publisher", "Publisher\Publisher.csproj", "{83C1F0B2-9D08-4D2C-98B6-5187C67FE912}"
EndProject
Project("{FAE04EC0-301F-11D3-BF4B-00C04F79EFBC}") = "Subscriber", "Subscriber\Subscriber.csproj", "{20AABD73-1BDF-4F18-8697-9B4B54690042}"
EndProject
Project("{FAE04EC0-301F-11D3-BF4B-00C04F79EFBC}") = "Messages", "Messages\Messages.csproj", "{A50FFED7-9A59-4633-83A5-0FB75163035A}"
EndProject
Global
	GlobalSection(SolutionConfigurationPlatforms) = preSolution
		Debug|Any CPU = Debug|Any CPU
		Release|Any CPU = Release|Any CPU
	EndGlobalSection
	GlobalSection(SolutionProperties) = preSolution
		HideSolutionNode = FALSE
	EndGlobalSection
	GlobalSection(ProjectConfigurationPlatforms) = postSolution
		{83C1F0B2-9D08-4D2C-98B6-5187C67FE912}.Debug|Any CPU.ActiveCfg = Debug|Any CPU
		{83C1F0B2-9D08-4D2C-98B6-5187C67FE912}.Debug|Any CPU.Build.0 = Debug|Any CPU
		{83C1F0B2-9D08-4D2C-98B6-5187C67FE912}.Release|Any CPU.ActiveCfg = Release|Any CPU
		{83C1F0B2-9D08-4D2C-98B6-5187C67FE912}.Release|Any CPU.Build.0 = Release|Any CPU
		{20AABD73-1BDF-4F18-8697-9B4B54690042}.Debug|Any CPU.ActiveCfg = Debug|Any CPU
		{20AABD73-1BDF-4F18-8697-9B4B54690042}.Debug|Any CPU.Build.0 = Debug|Any CPU
		{20AABD73-1BDF-4F18-8697-9B4B54690042}.Release|Any CPU.ActiveCfg = Release|Any CPU
		{20AABD73-1BDF-4F18-8697-9B4B54690042}.Release|Any CPU.Build.0 = Release|Any CPU
		{A50FFED7-9A59-4633-83A5-0FB75163035A}.Debug|Any CPU.ActiveCfg = Debug|Any CPU
		{A50FFED7-9A59-4633-83A5-0FB75163035A}.Debug|Any CPU.Build.0 = Debug|Any CPU
		{A50FFED7-9A59-4633-83A5-0FB75163035A}.Release|Any CPU.ActiveCfg = Release|Any CPU
		{A50FFED7-9A59-4633-83A5-0FB75163035A}.Release|Any CPU.Build.0 = Release|Any CPU
	EndGlobalSection
EndGlobal
